
Microsoft Visual Studio Solution File, Format Version 11.00
# Visual Studio 2010
Project("{FAE04EC0-301F-11D3-BF4B-00C04F79EFBC}") = "Inventory.Testing", "Inventory.Testing\Inventory.Testing.csproj", "{E75BDC98-FB1B-4011-8592-E914F17EFEC1}"
EndProject
Project("{FAE04EC0-301F-11D3-BF4B-00C04F79EFBC}") = "Inventory.WebUI", "Inventory.WebUI\Inventory.WebUI.csproj", "{393F887E-82A4-4644-8DE0-7D614E3C57EC}"
EndProject
Project("{FAE04EC0-301F-11D3-BF4B-00C04F79EFBC}") = "Inventory.Core", "Inventory.Core\Inventory.Core.csproj", "{8ECE81A9-7A5C-48A7-9CC5-255797DCBC88}"
EndProject
Project("{FAE04EC0-301F-11D3-BF4B-00C04F79EFBC}") = "Inventory.Core.Data", "Inventory.Core.Data\Inventory.Core.Data.csproj", "{7E01E24C-FF8C-48D5-A4FD-3BA272BF8D32}"
EndProject
Project("{FAE04EC0-301F-11D3-BF4B-00C04F79EFBC}") = "Inventory.Utilities", "Inventory.Utilities\Inventory.Utilities.csproj", "{8B9C06F3-5DF0-414C-867B-6E103818A8D7}"
EndProject
Project("{2150E333-8FDC-42A3-9474-1A3956D46DE8}") = "Folder", "Folder", "{3A71522F-F634-4CD0-B31E-B2C17068C9E2}"
	ProjectSection(SolutionItems) = preProject
		ToDo.txt = ToDo.txt
	EndProjectSection
EndProject
Global
	GlobalSection(SolutionConfigurationPlatforms) = preSolution
		Debug|Any CPU = Debug|Any CPU
		Debug|Mixed Platforms = Debug|Mixed Platforms
		Debug|x86 = Debug|x86
		Release|Any CPU = Release|Any CPU
		Release|Mixed Platforms = Release|Mixed Platforms
		Release|x86 = Release|x86
	EndGlobalSection
	GlobalSection(ProjectConfigurationPlatforms) = postSolution
		{E75BDC98-FB1B-4011-8592-E914F17EFEC1}.Debug|Any CPU.ActiveCfg = Debug|Any CPU
		{E75BDC98-FB1B-4011-8592-E914F17EFEC1}.Debug|Any CPU.Build.0 = Debug|Any CPU
		{E75BDC98-FB1B-4011-8592-E914F17EFEC1}.Debug|Mixed Platforms.ActiveCfg = Debug|Any CPU
		{E75BDC98-FB1B-4011-8592-E914F17EFEC1}.Debug|Mixed Platforms.Build.0 = Debug|Any CPU
		{E75BDC98-FB1B-4011-8592-E914F17EFEC1}.Debug|x86.ActiveCfg = Debug|Any CPU
		{E75BDC98-FB1B-4011-8592-E914F17EFEC1}.Release|Any CPU.ActiveCfg = Release|Any CPU
		{E75BDC98-FB1B-4011-8592-E914F17EFEC1}.Release|Any CPU.Build.0 = Release|Any CPU
		{E75BDC98-FB1B-4011-8592-E914F17EFEC1}.Release|Mixed Platforms.ActiveCfg = Release|Any CPU
		{E75BDC98-FB1B-4011-8592-E914F17EFEC1}.Release|Mixed Platforms.Build.0 = Release|Any CPU
		{E75BDC98-FB1B-4011-8592-E914F17EFEC1}.Release|x86.ActiveCfg = Release|Any CPU
		{393F887E-82A4-4644-8DE0-7D614E3C57EC}.Debug|Any CPU.ActiveCfg = Debug|Any CPU
		{393F887E-82A4-4644-8DE0-7D614E3C57EC}.Debug|Any CPU.Build.0 = Debug|Any CPU
		{393F887E-82A4-4644-8DE0-7D614E3C57EC}.Debug|Mixed Platforms.ActiveCfg = Debug|Any CPU
		{393F887E-82A4-4644-8DE0-7D614E3C57EC}.Debug|Mixed Platforms.Build.0 = Debug|Any CPU
		{393F887E-82A4-4644-8DE0-7D614E3C57EC}.Debug|x86.ActiveCfg = Debug|Any CPU
		{393F887E-82A4-4644-8DE0-7D614E3C57EC}.Release|Any CPU.ActiveCfg = Release|Any CPU
		{393F887E-82A4-4644-8DE0-7D614E3C57EC}.Release|Any CPU.Build.0 = Release|Any CPU
		{393F887E-82A4-4644-8DE0-7D614E3C57EC}.Release|Mixed Platforms.ActiveCfg = Release|Any CPU
		{393F887E-82A4-4644-8DE0-7D614E3C57EC}.Release|Mixed Platforms.Build.0 = Release|Any CPU
		{393F887E-82A4-4644-8DE0-7D614E3C57EC}.Release|x86.ActiveCfg = Release|Any CPU
		{8ECE81A9-7A5C-48A7-9CC5-255797DCBC88}.Debug|Any CPU.ActiveCfg = Debug|Any CPU
		{8ECE81A9-7A5C-48A7-9CC5-255797DCBC88}.Debug|Any CPU.Build.0 = Debug|Any CPU
		{8ECE81A9-7A5C-48A7-9CC5-255797DCBC88}.Debug|Mixed Platforms.ActiveCfg = Debug|Any CPU
		{8ECE81A9-7A5C-48A7-9CC5-255797DCBC88}.Debug|Mixed Platforms.Build.0 = Debug|Any CPU
		{8ECE81A9-7A5C-48A7-9CC5-255797DCBC88}.Debug|x86.ActiveCfg = Debug|Any CPU
		{8ECE81A9-7A5C-48A7-9CC5-255797DCBC88}.Release|Any CPU.ActiveCfg = Release|Any CPU
		{8ECE81A9-7A5C-48A7-9CC5-255797DCBC88}.Release|Any CPU.Build.0 = Release|Any CPU
		{8ECE81A9-7A5C-48A7-9CC5-255797DCBC88}.Release|Mixed Platforms.ActiveCfg = Release|Any CPU
		{8ECE81A9-7A5C-48A7-9CC5-255797DCBC88}.Release|Mixed Platforms.Build.0 = Release|Any CPU
		{8ECE81A9-7A5C-48A7-9CC5-255797DCBC88}.Release|x86.ActiveCfg = Release|Any CPU
		{7E01E24C-FF8C-48D5-A4FD-3BA272BF8D32}.Debug|Any CPU.ActiveCfg = Debug|Any CPU
		{7E01E24C-FF8C-48D5-A4FD-3BA272BF8D32}.Debug|Any CPU.Build.0 = Debug|Any CPU
		{7E01E24C-FF8C-48D5-A4FD-3BA272BF8D32}.Debug|Mixed Platforms.ActiveCfg = Debug|Any CPU
		{7E01E24C-FF8C-48D5-A4FD-3BA272BF8D32}.Debug|Mixed Platforms.Build.0 = Debug|Any CPU
		{7E01E24C-FF8C-48D5-A4FD-3BA272BF8D32}.Debug|x86.ActiveCfg = Debug|Any CPU
		{7E01E24C-FF8C-48D5-A4FD-3BA272BF8D32}.Release|Any CPU.ActiveCfg = Release|Any CPU
		{7E01E24C-FF8C-48D5-A4FD-3BA272BF8D32}.Release|Any CPU.Build.0 = Release|Any CPU
		{7E01E24C-FF8C-48D5-A4FD-3BA272BF8D32}.Release|Mixed Platforms.ActiveCfg = Release|Any CPU
		{7E01E24C-FF8C-48D5-A4FD-3BA272BF8D32}.Release|Mixed Platforms.Build.0 = Release|Any CPU
		{7E01E24C-FF8C-48D5-A4FD-3BA272BF8D32}.Release|x86.ActiveCfg = Release|Any CPU
		{8B9C06F3-5DF0-414C-867B-6E103818A8D7}.Debug|Any CPU.ActiveCfg = Debug|x86
		{8B9C06F3-5DF0-414C-867B-6E103818A8D7}.Debug|Mixed Platforms.ActiveCfg = Debug|x86
		{8B9C06F3-5DF0-414C-867B-6E103818A8D7}.Debug|Mixed Platforms.Build.0 = Debug|x86
		{8B9C06F3-5DF0-414C-867B-6E103818A8D7}.Debug|x86.ActiveCfg = Debug|x86
		{8B9C06F3-5DF0-414C-867B-6E103818A8D7}.Debug|x86.Build.0 = Debug|x86
		{8B9C06F3-5DF0-414C-867B-6E103818A8D7}.Release|Any CPU.ActiveCfg = Release|x86
		{8B9C06F3-5DF0-414C-867B-6E103818A8D7}.Release|Mixed Platforms.ActiveCfg = Release|x86
		{8B9C06F3-5DF0-414C-867B-6E103818A8D7}.Release|Mixed Platforms.Build.0 = Release|x86
		{8B9C06F3-5DF0-414C-867B-6E103818A8D7}.Release|x86.ActiveCfg = Release|x86
		{8B9C06F3-5DF0-414C-867B-6E103818A8D7}.Release|x86.Build.0 = Release|x86
	EndGlobalSection
	GlobalSection(SolutionProperties) = preSolution
		HideSolutionNode = FALSE
	EndGlobalSection
EndGlobal
